
Microsoft Visual Studio Solution File, Format Version 12.00
# Visual Studio Version 17
VisualStudioVersion = 17.11.35327.3
MinimumVisualStudioVersion = 10.0.40219.1
Project("{2150E333-8FDC-42A3-9474-1A3956D46DE8}") = "src", "src", "{F89FA86C-5F2F-4D88-8D24-5A1C7B88572D}"
EndProject
Project("{2150E333-8FDC-42A3-9474-1A3956D46DE8}") = "tests", "tests", "{EE93AFC5-407A-4AC3-B12E-710C198DDCA0}"
EndProject
Project("{2150E333-8FDC-42A3-9474-1A3956D46DE8}") = "Services", "Services", "{5D6CE5EF-0253-4918-9FF1-AD64E047B0F0}"
EndProject
Project("{2150E333-8FDC-42A3-9474-1A3956D46DE8}") = "Auth", "Auth", "{59584CFB-B9ED-4447-B046-2C69FB89E425}"
EndProject
Project("{9A19103F-16F7-4668-BE54-9A1E7A4F7556}") = "SkyQuery.Auth.API", "src\Services\Auth\SkyQuery.Auth.API\SkyQuery.Auth.API.csproj", "{03D6C29B-1E78-4D48-91BE-1D93AD371B57}"
EndProject
Project("{2150E333-8FDC-42A3-9474-1A3956D46DE8}") = "Ai", "Ai", "{94963F3F-36AE-4904-BB4E-3D66525D0B0B}"
EndProject
Project("{9A19103F-16F7-4668-BE54-9A1E7A4F7556}") = "SkyQuery.Auth.Application", "src\Services\Auth\SkyQuery.Auth.Application\SkyQuery.Auth.Application.csproj", "{27D46FEB-68C4-41CE-AC69-BCA63388186F}"
EndProject
Project("{9A19103F-16F7-4668-BE54-9A1E7A4F7556}") = "SkyQuery.Auth.Domain", "src\Services\Auth\SkyQuery.Auth.Domain\SkyQuery.Auth.Domain.csproj", "{9F0F0B22-7500-4DDD-87BE-0AD6FBF8674E}"
EndProject
Project("{9A19103F-16F7-4668-BE54-9A1E7A4F7556}") = "SkyQuery.Auth.Infrastructure", "src\Services\Auth\SkyQuery.Auth.Infrastructure\SkyQuery.Auth.Infrastructure.csproj", "{F0969D69-4320-4806-8717-40E77F21A9DA}"
EndProject
Project("{9A19103F-16F7-4668-BE54-9A1E7A4F7556}") = "SkyQuery.Ai.API", "src\Services\Ai\SkyQuery.Ai.API\SkyQuery.Ai.API.csproj", "{1B4B7C54-D69A-472D-B11D-7D864407753D}"
EndProject
Project("{9A19103F-16F7-4668-BE54-9A1E7A4F7556}") = "SkyQuery.Ai.Application", "src\Services\Ai\SkyQuery.Ai.Application\SkyQuery.Ai.Application.csproj", "{0E1A40FF-4CEC-4E79-A618-2F3881ABB89D}"
EndProject
Project("{9A19103F-16F7-4668-BE54-9A1E7A4F7556}") = "SkyQuery.Ai.Domain", "src\Services\Ai\SkyQuery.Ai.Domain\SkyQuery.Ai.Domain.csproj", "{3AB9AFB3-4B33-4CEA-9F30-32B2404591C7}"
EndProject
Project("{9A19103F-16F7-4668-BE54-9A1E7A4F7556}") = "SkyQuery.Ai.Infrastructure", "src\Services\Ai\SkyQuery.Ai.Infrastructure\SkyQuery.Ai.Infrastructure.csproj", "{FFB9F735-C0A7-4B0D-BCE3-7B08CF6E3D23}"
EndProject
Project("{2150E333-8FDC-42A3-9474-1A3956D46DE8}") = "Location", "Location", "{CED1173A-3B68-44CB-8C92-DDDED5FA7EBD}"
EndProject
Project("{9A19103F-16F7-4668-BE54-9A1E7A4F7556}") = "SkyQuery.Location.API", "src\Services\Location\SkyQuery.Location.API\SkyQuery.Location.API.csproj", "{E5AE9CF8-2E3A-4245-A6FB-A2290CAB1CEA}"
EndProject
Project("{9A19103F-16F7-4668-BE54-9A1E7A4F7556}") = "SkyQuery.Location.Application", "src\Services\Location\SkyQuery.Location.Application\SkyQuery.Location.Application.csproj", "{49D43077-0F07-40E9-B37A-DD4015A76A83}"
EndProject
Project("{9A19103F-16F7-4668-BE54-9A1E7A4F7556}") = "SkyQuery.Location.Domain", "src\Services\Location\SkyQuery.Location.Domain\SkyQuery.Location.Domain.csproj", "{0A22EAEB-CA53-45E3-A924-30F20DD1BB54}"
EndProject
Project("{9A19103F-16F7-4668-BE54-9A1E7A4F7556}") = "SkyQuery.Location.Infrastructure", "src\Services\Location\SkyQuery.Location.Infrastructure\SkyQuery.Location.Infrastructure.csproj", "{635136F9-E3F6-4701-B807-6F80E6AA3F0A}"
EndProject
Project("{2150E333-8FDC-42A3-9474-1A3956D46DE8}") = "Gateway", "Gateway", "{C200F06A-421D-4E9D-8ACB-492CA461DC08}"
EndProject
Project("{2150E333-8FDC-42A3-9474-1A3956D46DE8}") = "BuildingBlocks", "BuildingBlocks", "{C8C0CBC9-4FE4-4E7D-90E9-4A16D0FCB975}"
EndProject
Project("{2150E333-8FDC-42A3-9474-1A3956D46DE8}") = "Web", "Web", "{55FF1BB6-0687-4A0C-A232-568DDF350E63}"
EndProject
Project("{2150E333-8FDC-42A3-9474-1A3956D46DE8}") = "GeoData", "GeoData", "{2BA96044-AC7A-45EC-AC06-3E3F4697C0C9}"
EndProject
Project("{9A19103F-16F7-4668-BE54-9A1E7A4F7556}") = "SkyQuery.GeoData.API", "src\Services\GeoData\SkyQuery.GeoData.API\SkyQuery.GeoData.API.csproj", "{F26FF501-E74B-4C2E-BBEF-11A4F6CBB6B4}"
EndProject
Project("{9A19103F-16F7-4668-BE54-9A1E7A4F7556}") = "SkyQuery.GeoData.Application", "src\Services\GeoData\SkyQuery.GeoData.Application\SkyQuery.GeoData.Application.csproj", "{0F9FEE0D-4AE1-4A4C-B31F-B073E22D573A}"
EndProject
Project("{9A19103F-16F7-4668-BE54-9A1E7A4F7556}") = "SkyQuery.GeoData.Domain", "src\Services\GeoData\SkyQuery.GeoData.Domain\SkyQuery.GeoData.Domain.csproj", "{8C78F01A-1ECA-448B-8375-9E3086D1DE97}"
EndProject
Project("{9A19103F-16F7-4668-BE54-9A1E7A4F7556}") = "SkyQuery.GeoData.Infrastructure", "src\Services\GeoData\SkyQuery.GeoData.Infrastructure\SkyQuery.GeoData.Infrastructure.csproj", "{3FD82F44-21C0-46A9-B1E0-2D36FBB0A7A1}"
EndProject
Project("{9A19103F-16F7-4668-BE54-9A1E7A4F7556}") = "SkyQuery.Gateway", "src\Gateway\SkyQuery.Gateway\SkyQuery.Gateway.csproj", "{88C056C9-2D84-4BF1-B4FF-D6978697FC2B}"
EndProject
Project("{9A19103F-16F7-4668-BE54-9A1E7A4F7556}") = "SkyQuery.SharedKernel", "src\BuildingBlocks\SkyQuery.SharedKernel\SkyQuery.SharedKernel.csproj", "{738FB768-BBD3-4FFF-A32E-BE152D5CB661}"
EndProject
Project("{9A19103F-16F7-4668-BE54-9A1E7A4F7556}") = "SkyQuery.EventBus", "src\BuildingBlocks\SkyQuery.EventBus\SkyQuery.EventBus.csproj", "{137A23A7-53E4-4852-930E-66BEA2D2D46F}"
EndProject
Project("{9A19103F-16F7-4668-BE54-9A1E7A4F7556}") = "SkyQuery.Result", "src\BuildingBlocks\SkyQuery.Result\SkyQuery.Result.csproj", "{2EE9BEFC-3363-4D88-84C5-0A816DF3EC06}"
EndProject
Project("{9A19103F-16F7-4668-BE54-9A1E7A4F7556}") = "SkyQuery.Contracts", "src\BuildingBlocks\SkyQuery.Contracts\SkyQuery.Contracts.csproj", "{BE150F45-8999-4D77-9750-7DFE93778A87}"
EndProject
Project("{2150E333-8FDC-42A3-9474-1A3956D46DE8}") = "Solution Items", "Solution Items", "{CDFAF3EA-865D-44FF-8C64-C6CC6DD95ED2}"
	ProjectSection(SolutionItems) = preProject
		.dockerignore = .dockerignore
		.env = .env
		docker-compose.yml = docker-compose.yml
	EndProjectSection
EndProject
Project("{9A19103F-16F7-4668-BE54-9A1E7A4F7556}") = "SkyQuery.Auth.Contracts", "src\Services\Auth\SkyQuery.Auth.Contracts\SkyQuery.Auth.Contracts.csproj", "{F8EE9487-3AB1-4AF3-854F-8F4BEE61B4DE}"
EndProject
Global
	GlobalSection(SolutionConfigurationPlatforms) = preSolution
		Debug|Any CPU = Debug|Any CPU
		Release|Any CPU = Release|Any CPU
	EndGlobalSection
	GlobalSection(ProjectConfigurationPlatforms) = postSolution
		{03D6C29B-1E78-4D48-91BE-1D93AD371B57}.Debug|Any CPU.ActiveCfg = Debug|Any CPU
		{03D6C29B-1E78-4D48-91BE-1D93AD371B57}.Debug|Any CPU.Build.0 = Debug|Any CPU
		{03D6C29B-1E78-4D48-91BE-1D93AD371B57}.Release|Any CPU.ActiveCfg = Release|Any CPU
		{03D6C29B-1E78-4D48-91BE-1D93AD371B57}.Release|Any CPU.Build.0 = Release|Any CPU
		{27D46FEB-68C4-41CE-AC69-BCA63388186F}.Debug|Any CPU.ActiveCfg = Debug|Any CPU
		{27D46FEB-68C4-41CE-AC69-BCA63388186F}.Debug|Any CPU.Build.0 = Debug|Any CPU
		{27D46FEB-68C4-41CE-AC69-BCA63388186F}.Release|Any CPU.ActiveCfg = Release|Any CPU
		{27D46FEB-68C4-41CE-AC69-BCA63388186F}.Release|Any CPU.Build.0 = Release|Any CPU
		{9F0F0B22-7500-4DDD-87BE-0AD6FBF8674E}.Debug|Any CPU.ActiveCfg = Debug|Any CPU
		{9F0F0B22-7500-4DDD-87BE-0AD6FBF8674E}.Debug|Any CPU.Build.0 = Debug|Any CPU
		{9F0F0B22-7500-4DDD-87BE-0AD6FBF8674E}.Release|Any CPU.ActiveCfg = Release|Any CPU
		{9F0F0B22-7500-4DDD-87BE-0AD6FBF8674E}.Release|Any CPU.Build.0 = Release|Any CPU
		{F0969D69-4320-4806-8717-40E77F21A9DA}.Debug|Any CPU.ActiveCfg = Debug|Any CPU
		{F0969D69-4320-4806-8717-40E77F21A9DA}.Debug|Any CPU.Build.0 = Debug|Any CPU
		{F0969D69-4320-4806-8717-40E77F21A9DA}.Release|Any CPU.ActiveCfg = Release|Any CPU
		{F0969D69-4320-4806-8717-40E77F21A9DA}.Release|Any CPU.Build.0 = Release|Any CPU
		{1B4B7C54-D69A-472D-B11D-7D864407753D}.Debug|Any CPU.ActiveCfg = Debug|Any CPU
		{1B4B7C54-D69A-472D-B11D-7D864407753D}.Debug|Any CPU.Build.0 = Debug|Any CPU
		{1B4B7C54-D69A-472D-B11D-7D864407753D}.Release|Any CPU.ActiveCfg = Release|Any CPU
		{1B4B7C54-D69A-472D-B11D-7D864407753D}.Release|Any CPU.Build.0 = Release|Any CPU
		{0E1A40FF-4CEC-4E79-A618-2F3881ABB89D}.Debug|Any CPU.ActiveCfg = Debug|Any CPU
		{0E1A40FF-4CEC-4E79-A618-2F3881ABB89D}.Debug|Any CPU.Build.0 = Debug|Any CPU
		{0E1A40FF-4CEC-4E79-A618-2F3881ABB89D}.Release|Any CPU.ActiveCfg = Release|Any CPU
		{0E1A40FF-4CEC-4E79-A618-2F3881ABB89D}.Release|Any CPU.Build.0 = Release|Any CPU
		{3AB9AFB3-4B33-4CEA-9F30-32B2404591C7}.Debug|Any CPU.ActiveCfg = Debug|Any CPU
		{3AB9AFB3-4B33-4CEA-9F30-32B2404591C7}.Debug|Any CPU.Build.0 = Debug|Any CPU
		{3AB9AFB3-4B33-4CEA-9F30-32B2404591C7}.Release|Any CPU.ActiveCfg = Release|Any CPU
		{3AB9AFB3-4B33-4CEA-9F30-32B2404591C7}.Release|Any CPU.Build.0 = Release|Any CPU
		{FFB9F735-C0A7-4B0D-BCE3-7B08CF6E3D23}.Debug|Any CPU.ActiveCfg = Debug|Any CPU
		{FFB9F735-C0A7-4B0D-BCE3-7B08CF6E3D23}.Debug|Any CPU.Build.0 = Debug|Any CPU
		{FFB9F735-C0A7-4B0D-BCE3-7B08CF6E3D23}.Release|Any CPU.ActiveCfg = Release|Any CPU
		{FFB9F735-C0A7-4B0D-BCE3-7B08CF6E3D23}.Release|Any CPU.Build.0 = Release|Any CPU
		{E5AE9CF8-2E3A-4245-A6FB-A2290CAB1CEA}.Debug|Any CPU.ActiveCfg = Debug|Any CPU
		{E5AE9CF8-2E3A-4245-A6FB-A2290CAB1CEA}.Debug|Any CPU.Build.0 = Debug|Any CPU
		{E5AE9CF8-2E3A-4245-A6FB-A2290CAB1CEA}.Release|Any CPU.ActiveCfg = Release|Any CPU
		{E5AE9CF8-2E3A-4245-A6FB-A2290CAB1CEA}.Release|Any CPU.Build.0 = Release|Any CPU
		{49D43077-0F07-40E9-B37A-DD4015A76A83}.Debug|Any CPU.ActiveCfg = Debug|Any CPU
		{49D43077-0F07-40E9-B37A-DD4015A76A83}.Debug|Any CPU.Build.0 = Debug|Any CPU
		{49D43077-0F07-40E9-B37A-DD4015A76A83}.Release|Any CPU.ActiveCfg = Release|Any CPU
		{49D43077-0F07-40E9-B37A-DD4015A76A83}.Release|Any CPU.Build.0 = Release|Any CPU
		{0A22EAEB-CA53-45E3-A924-30F20DD1BB54}.Debug|Any CPU.ActiveCfg = Debug|Any CPU
		{0A22EAEB-CA53-45E3-A924-30F20DD1BB54}.Debug|Any CPU.Build.0 = Debug|Any CPU
		{0A22EAEB-CA53-45E3-A924-30F20DD1BB54}.Release|Any CPU.ActiveCfg = Release|Any CPU
		{0A22EAEB-CA53-45E3-A924-30F20DD1BB54}.Release|Any CPU.Build.0 = Release|Any CPU
		{635136F9-E3F6-4701-B807-6F80E6AA3F0A}.Debug|Any CPU.ActiveCfg = Debug|Any CPU
		{635136F9-E3F6-4701-B807-6F80E6AA3F0A}.Debug|Any CPU.Build.0 = Debug|Any CPU
		{635136F9-E3F6-4701-B807-6F80E6AA3F0A}.Release|Any CPU.ActiveCfg = Release|Any CPU
		{635136F9-E3F6-4701-B807-6F80E6AA3F0A}.Release|Any CPU.Build.0 = Release|Any CPU
		{F26FF501-E74B-4C2E-BBEF-11A4F6CBB6B4}.Debug|Any CPU.ActiveCfg = Debug|Any CPU
		{F26FF501-E74B-4C2E-BBEF-11A4F6CBB6B4}.Debug|Any CPU.Build.0 = Debug|Any CPU
		{F26FF501-E74B-4C2E-BBEF-11A4F6CBB6B4}.Release|Any CPU.ActiveCfg = Release|Any CPU
		{F26FF501-E74B-4C2E-BBEF-11A4F6CBB6B4}.Release|Any CPU.Build.0 = Release|Any CPU
		{0F9FEE0D-4AE1-4A4C-B31F-B073E22D573A}.Debug|Any CPU.ActiveCfg = Debug|Any CPU
		{0F9FEE0D-4AE1-4A4C-B31F-B073E22D573A}.Debug|Any CPU.Build.0 = Debug|Any CPU
		{0F9FEE0D-4AE1-4A4C-B31F-B073E22D573A}.Release|Any CPU.ActiveCfg = Release|Any CPU
		{0F9FEE0D-4AE1-4A4C-B31F-B073E22D573A}.Release|Any CPU.Build.0 = Release|Any CPU
		{8C78F01A-1ECA-448B-8375-9E3086D1DE97}.Debug|Any CPU.ActiveCfg = Debug|Any CPU
		{8C78F01A-1ECA-448B-8375-9E3086D1DE97}.Debug|Any CPU.Build.0 = Debug|Any CPU
		{8C78F01A-1ECA-448B-8375-9E3086D1DE97}.Release|Any CPU.ActiveCfg = Release|Any CPU
		{8C78F01A-1ECA-448B-8375-9E3086D1DE97}.Release|Any CPU.Build.0 = Release|Any CPU
		{3FD82F44-21C0-46A9-B1E0-2D36FBB0A7A1}.Debug|Any CPU.ActiveCfg = Debug|Any CPU
		{3FD82F44-21C0-46A9-B1E0-2D36FBB0A7A1}.Debug|Any CPU.Build.0 = Debug|Any CPU
		{3FD82F44-21C0-46A9-B1E0-2D36FBB0A7A1}.Release|Any CPU.ActiveCfg = Release|Any CPU
		{3FD82F44-21C0-46A9-B1E0-2D36FBB0A7A1}.Release|Any CPU.Build.0 = Release|Any CPU
		{88C056C9-2D84-4BF1-B4FF-D6978697FC2B}.Debug|Any CPU.ActiveCfg = Debug|Any CPU
		{88C056C9-2D84-4BF1-B4FF-D6978697FC2B}.Debug|Any CPU.Build.0 = Debug|Any CPU
		{88C056C9-2D84-4BF1-B4FF-D6978697FC2B}.Release|Any CPU.ActiveCfg = Release|Any CPU
		{88C056C9-2D84-4BF1-B4FF-D6978697FC2B}.Release|Any CPU.Build.0 = Release|Any CPU
		{738FB768-BBD3-4FFF-A32E-BE152D5CB661}.Debug|Any CPU.ActiveCfg = Debug|Any CPU
		{738FB768-BBD3-4FFF-A32E-BE152D5CB661}.Debug|Any CPU.Build.0 = Debug|Any CPU
		{738FB768-BBD3-4FFF-A32E-BE152D5CB661}.Release|Any CPU.ActiveCfg = Release|Any CPU
		{738FB768-BBD3-4FFF-A32E-BE152D5CB661}.Release|Any CPU.Build.0 = Release|Any CPU
		{137A23A7-53E4-4852-930E-66BEA2D2D46F}.Debug|Any CPU.ActiveCfg = Debug|Any CPU
		{137A23A7-53E4-4852-930E-66BEA2D2D46F}.Debug|Any CPU.Build.0 = Debug|Any CPU
		{137A23A7-53E4-4852-930E-66BEA2D2D46F}.Release|Any CPU.ActiveCfg = Release|Any CPU
		{137A23A7-53E4-4852-930E-66BEA2D2D46F}.Release|Any CPU.Build.0 = Release|Any CPU
		{2EE9BEFC-3363-4D88-84C5-0A816DF3EC06}.Debug|Any CPU.ActiveCfg = Debug|Any CPU
		{2EE9BEFC-3363-4D88-84C5-0A816DF3EC06}.Debug|Any CPU.Build.0 = Debug|Any CPU
		{2EE9BEFC-3363-4D88-84C5-0A816DF3EC06}.Release|Any CPU.ActiveCfg = Release|Any CPU
		{2EE9BEFC-3363-4D88-84C5-0A816DF3EC06}.Release|Any CPU.Build.0 = Release|Any CPU
		{BE150F45-8999-4D77-9750-7DFE93778A87}.Debug|Any CPU.ActiveCfg = Debug|Any CPU
		{BE150F45-8999-4D77-9750-7DFE93778A87}.Debug|Any CPU.Build.0 = Debug|Any CPU
		{BE150F45-8999-4D77-9750-7DFE93778A87}.Release|Any CPU.ActiveCfg = Release|Any CPU
		{BE150F45-8999-4D77-9750-7DFE93778A87}.Release|Any CPU.Build.0 = Release|Any CPU
		{F8EE9487-3AB1-4AF3-854F-8F4BEE61B4DE}.Debug|Any CPU.ActiveCfg = Debug|Any CPU
		{F8EE9487-3AB1-4AF3-854F-8F4BEE61B4DE}.Debug|Any CPU.Build.0 = Debug|Any CPU
		{F8EE9487-3AB1-4AF3-854F-8F4BEE61B4DE}.Release|Any CPU.ActiveCfg = Release|Any CPU
		{F8EE9487-3AB1-4AF3-854F-8F4BEE61B4DE}.Release|Any CPU.Build.0 = Release|Any CPU
	EndGlobalSection
	GlobalSection(SolutionProperties) = preSolution
		HideSolutionNode = FALSE
	EndGlobalSection
	GlobalSection(NestedProjects) = preSolution
		{5D6CE5EF-0253-4918-9FF1-AD64E047B0F0} = {F89FA86C-5F2F-4D88-8D24-5A1C7B88572D}
		{59584CFB-B9ED-4447-B046-2C69FB89E425} = {5D6CE5EF-0253-4918-9FF1-AD64E047B0F0}
		{03D6C29B-1E78-4D48-91BE-1D93AD371B57} = {59584CFB-B9ED-4447-B046-2C69FB89E425}
		{94963F3F-36AE-4904-BB4E-3D66525D0B0B} = {5D6CE5EF-0253-4918-9FF1-AD64E047B0F0}
		{27D46FEB-68C4-41CE-AC69-BCA63388186F} = {59584CFB-B9ED-4447-B046-2C69FB89E425}
		{9F0F0B22-7500-4DDD-87BE-0AD6FBF8674E} = {59584CFB-B9ED-4447-B046-2C69FB89E425}
		{F0969D69-4320-4806-8717-40E77F21A9DA} = {59584CFB-B9ED-4447-B046-2C69FB89E425}
		{1B4B7C54-D69A-472D-B11D-7D864407753D} = {94963F3F-36AE-4904-BB4E-3D66525D0B0B}
		{0E1A40FF-4CEC-4E79-A618-2F3881ABB89D} = {94963F3F-36AE-4904-BB4E-3D66525D0B0B}
		{3AB9AFB3-4B33-4CEA-9F30-32B2404591C7} = {94963F3F-36AE-4904-BB4E-3D66525D0B0B}
		{FFB9F735-C0A7-4B0D-BCE3-7B08CF6E3D23} = {94963F3F-36AE-4904-BB4E-3D66525D0B0B}
		{CED1173A-3B68-44CB-8C92-DDDED5FA7EBD} = {5D6CE5EF-0253-4918-9FF1-AD64E047B0F0}
		{E5AE9CF8-2E3A-4245-A6FB-A2290CAB1CEA} = {CED1173A-3B68-44CB-8C92-DDDED5FA7EBD}
		{49D43077-0F07-40E9-B37A-DD4015A76A83} = {CED1173A-3B68-44CB-8C92-DDDED5FA7EBD}
		{0A22EAEB-CA53-45E3-A924-30F20DD1BB54} = {CED1173A-3B68-44CB-8C92-DDDED5FA7EBD}
		{635136F9-E3F6-4701-B807-6F80E6AA3F0A} = {CED1173A-3B68-44CB-8C92-DDDED5FA7EBD}
		{C200F06A-421D-4E9D-8ACB-492CA461DC08} = {F89FA86C-5F2F-4D88-8D24-5A1C7B88572D}
		{C8C0CBC9-4FE4-4E7D-90E9-4A16D0FCB975} = {F89FA86C-5F2F-4D88-8D24-5A1C7B88572D}
		{55FF1BB6-0687-4A0C-A232-568DDF350E63} = {F89FA86C-5F2F-4D88-8D24-5A1C7B88572D}
		{2BA96044-AC7A-45EC-AC06-3E3F4697C0C9} = {5D6CE5EF-0253-4918-9FF1-AD64E047B0F0}
		{F26FF501-E74B-4C2E-BBEF-11A4F6CBB6B4} = {2BA96044-AC7A-45EC-AC06-3E3F4697C0C9}
		{0F9FEE0D-4AE1-4A4C-B31F-B073E22D573A} = {2BA96044-AC7A-45EC-AC06-3E3F4697C0C9}
		{8C78F01A-1ECA-448B-8375-9E3086D1DE97} = {2BA96044-AC7A-45EC-AC06-3E3F4697C0C9}
		{3FD82F44-21C0-46A9-B1E0-2D36FBB0A7A1} = {2BA96044-AC7A-45EC-AC06-3E3F4697C0C9}
		{88C056C9-2D84-4BF1-B4FF-D6978697FC2B} = {C200F06A-421D-4E9D-8ACB-492CA461DC08}
		{738FB768-BBD3-4FFF-A32E-BE152D5CB661} = {C8C0CBC9-4FE4-4E7D-90E9-4A16D0FCB975}
		{137A23A7-53E4-4852-930E-66BEA2D2D46F} = {C8C0CBC9-4FE4-4E7D-90E9-4A16D0FCB975}
		{2EE9BEFC-3363-4D88-84C5-0A816DF3EC06} = {C8C0CBC9-4FE4-4E7D-90E9-4A16D0FCB975}
		{BE150F45-8999-4D77-9750-7DFE93778A87} = {C8C0CBC9-4FE4-4E7D-90E9-4A16D0FCB975}
		{F8EE9487-3AB1-4AF3-854F-8F4BEE61B4DE} = {59584CFB-B9ED-4447-B046-2C69FB89E425}
	EndGlobalSection
	GlobalSection(ExtensibilityGlobals) = postSolution
		SolutionGuid = {A702EF4B-108E-4421-8DC5-E78FA0148CCD}
	EndGlobalSection
EndGlobal
